{
  "requires": true,
  "lockfileVersion": 1,
  "dependencies": {
    "lodash": {
      "version": "4.17.20",
      "resolved": "https://registry.npmjs.org/lodash/-/lodash-4.17.20.tgz",
      "integrity": "sha512-PlhdFcillOINfeV7Ni6oF1TAEayyZBoZ8bcshTHqOYJYlrqzRK5hagpagky5o4HfCzzd1TRkXPMFq6cKk9rGmA=="
    },
    "pathseg": {
      "version": "1.2.0",
      "resolved": "https://registry.npmjs.org/pathseg/-/pathseg-1.2.0.tgz",
      "integrity": "sha512-+pQS7lTaoVIXhaCW7R3Wd/165APzZHWzYVqe7dxzdupxQwebgpBaCmf0/XZwmoA/rkDq3qvzO0qv4d5oFVrBRw==",
      "optional": true
    },
    "react-particles-js": {
      "version": "3.4.1",
      "resolved": "https://registry.npmjs.org/react-particles-js/-/react-particles-js-3.4.1.tgz",
      "integrity": "sha512-c3+vITUMN9RlgbERZYd9Kzvjmf49ENp07+9+NDLvE1Jf9euabrJi/q6gCCcv5foxGHBYjHnGs47Tusmrl0/+GQ==",
      "requires": {
        "lodash": "^4.17.11",
        "tsparticles": "^1.18.10"
      }
    },
    "tachyons": {
      "version": "4.12.0",
      "resolved": "https://registry.npmjs.org/tachyons/-/tachyons-4.12.0.tgz",
      "integrity": "sha512-2nA2IrYFy3raCM9fxJ2KODRGHVSZNTW3BR0YnlGsLUf1DA3pk3YfWZ/DdfbnZK6zLZS+jUenlUGJsKcA5fUiZg=="
    },
    "tsparticles": {
      "version": "1.18.11",
      "resolved": "https://registry.npmjs.org/tsparticles/-/tsparticles-1.18.11.tgz",
      "integrity": "sha512-F5czk8foRoywWHDYDT0eZhQwCXOHz7OGhJCsoybThTUIT+nwc1Eclltm/TMrnnxZZghF3Fo0VL8nN4inf+pQbA==",
      "requires": {
        "pathseg": "^1.2.0"
      }
    }
  }
}
